
Microsoft Visual Studio Solution File, Format Version 12.00
# Visual Studio 15
VisualStudioVersion = 15.0.26424.2
MinimumVisualStudioVersion = 10.0.40219.1
Project("{FAE04EC0-301F-11D3-BF4B-00C04F79EFBC}") = "FSVentas3", "FSVentas3\FSVentas3.csproj", "{B5278ADC-9E6B-42F7-A4F4-8EFA52C991F6}"
EndProject
Global
	GlobalSection(SolutionConfigurationPlatforms) = preSolution
		Debug|Any CPU = Debug|Any CPU
		Release|Any CPU = Release|Any CPU
	EndGlobalSection
	GlobalSection(ProjectConfigurationPlatforms) = postSolution
		{B5278ADC-9E6B-42F7-A4F4-8EFA52C991F6}.Debug|Any CPU.ActiveCfg = Debug|Any CPU
		{B5278ADC-9E6B-42F7-A4F4-8EFA52C991F6}.Debug|Any CPU.Build.0 = Debug|Any CPU
		{B5278ADC-9E6B-42F7-A4F4-8EFA52C991F6}.Release|Any CPU.ActiveCfg = Release|Any CPU
		{B5278ADC-9E6B-42F7-A4F4-8EFA52C991F6}.Release|Any CPU.Build.0 = Release|Any CPU
	EndGlobalSection
	GlobalSection(SolutionProperties) = preSolution
		HideSolutionNode = FALSE
	EndGlobalSection
EndGlobal
